
Microsoft Visual Studio Solution File, Format Version 12.00
# Visual Studio Version 16
VisualStudioVersion = 16.0.32228.343
MinimumVisualStudioVersion = 10.0.40219.1
Project("{FAE04EC0-301F-11D3-BF4B-00C04F79EFBC}") = "RevitAPISelectDuctActView", "RevitAPISelectDuctActView\RevitAPISelectDuctActView.csproj", "{FFA569E1-D5B7-46C5-8188-B644BC6165F3}"
EndProject
Global
	GlobalSection(SolutionConfigurationPlatforms) = preSolution
		Debug|Any CPU = Debug|Any CPU
		Release|Any CPU = Release|Any CPU
	EndGlobalSection
	GlobalSection(ProjectConfigurationPlatforms) = postSolution
		{FFA569E1-D5B7-46C5-8188-B644BC6165F3}.Debug|Any CPU.ActiveCfg = Debug|Any CPU
		{FFA569E1-D5B7-46C5-8188-B644BC6165F3}.Debug|Any CPU.Build.0 = Debug|Any CPU
		{FFA569E1-D5B7-46C5-8188-B644BC6165F3}.Release|Any CPU.ActiveCfg = Release|Any CPU
		{FFA569E1-D5B7-46C5-8188-B644BC6165F3}.Release|Any CPU.Build.0 = Release|Any CPU
	EndGlobalSection
	GlobalSection(SolutionProperties) = preSolution
		HideSolutionNode = FALSE
	EndGlobalSection
	GlobalSection(ExtensibilityGlobals) = postSolution
		SolutionGuid = {3C64D5A2-3D39-4D23-8A4A-8092027CA9A4}
	EndGlobalSection
EndGlobal
